
Microsoft Visual Studio Solution File, Format Version 11.00
# Visual Studio 2010
Project("{888888A0-9F3D-457C-B088-3A5042F75D52}") = "PythonSimpleDDS", "PythonSimpleDDS\PythonSimpleDDS.pyproj", "{C445F57A-05CA-40A3-9AF5-238C579C40BD}"
EndProject
Project("{2150E333-8FDC-42A3-9474-1A3956D46DE8}") = "Solution Items", "Solution Items", "{477AC318-072B-479A-91D2-35DA51D508F6}"
	ProjectSection(SolutionItems) = preProject
		PythonSimpleDDS\DDSConfigFile.xml = PythonSimpleDDS\DDSConfigFile.xml
		..\README = ..\README
	EndProjectSection
EndProject
Project("{888888A0-9F3D-457C-B088-3A5042F75D52}") = "ASimpleSubscriber", "ASimpleSubscriber\ASimpleSubscriber.pyproj", "{35FEAC2A-6874-4A80-A78B-48944A34F2F5}"
EndProject
Project("{888888A0-9F3D-457C-B088-3A5042F75D52}") = "ASimplePublisher", "ASimplePublisher\ASimplePublisher.pyproj", "{2D5F372B-DE7B-44A9-BBF4-CA94E91C9E49}"
EndProject
Global
	GlobalSection(SolutionConfigurationPlatforms) = preSolution
		Debug|Any CPU = Debug|Any CPU
		Release|Any CPU = Release|Any CPU
	EndGlobalSection
	GlobalSection(ProjectConfigurationPlatforms) = postSolution
		{C445F57A-05CA-40A3-9AF5-238C579C40BD}.Debug|Any CPU.ActiveCfg = Debug|Any CPU
		{C445F57A-05CA-40A3-9AF5-238C579C40BD}.Debug|Any CPU.Build.0 = Debug|Any CPU
		{C445F57A-05CA-40A3-9AF5-238C579C40BD}.Release|Any CPU.ActiveCfg = Release|Any CPU
		{C445F57A-05CA-40A3-9AF5-238C579C40BD}.Release|Any CPU.Build.0 = Release|Any CPU
		{35FEAC2A-6874-4A80-A78B-48944A34F2F5}.Debug|Any CPU.ActiveCfg = Debug|Any CPU
		{35FEAC2A-6874-4A80-A78B-48944A34F2F5}.Debug|Any CPU.Build.0 = Debug|Any CPU
		{35FEAC2A-6874-4A80-A78B-48944A34F2F5}.Release|Any CPU.ActiveCfg = Release|Any CPU
		{35FEAC2A-6874-4A80-A78B-48944A34F2F5}.Release|Any CPU.Build.0 = Release|Any CPU
		{2D5F372B-DE7B-44A9-BBF4-CA94E91C9E49}.Debug|Any CPU.ActiveCfg = Debug|Any CPU
		{2D5F372B-DE7B-44A9-BBF4-CA94E91C9E49}.Debug|Any CPU.Build.0 = Debug|Any CPU
		{2D5F372B-DE7B-44A9-BBF4-CA94E91C9E49}.Release|Any CPU.ActiveCfg = Release|Any CPU
		{2D5F372B-DE7B-44A9-BBF4-CA94E91C9E49}.Release|Any CPU.Build.0 = Release|Any CPU
	EndGlobalSection
	GlobalSection(SolutionProperties) = preSolution
		HideSolutionNode = FALSE
	EndGlobalSection
EndGlobal
